
Microsoft Visual Studio Solution File, Format Version 12.00
# Visual Studio Version 17
VisualStudioVersion = 17.12.35707.178
MinimumVisualStudioVersion = 10.0.40219.1
Project("{FAE04EC0-301F-11D3-BF4B-00C04F79EFBC}") = "Stock", "Stock\Stock.csproj", "{069B3E29-8209-4183-B3A8-C5D042721920}"
EndProject
Project("{FAE04EC0-301F-11D3-BF4B-00C04F79EFBC}") = "Layer1-connection", "Layer1-connection\Layer1-connection.csproj", "{9D8DD287-0BFD-473A-A859-6913C0BDE3BE}"
EndProject
Project("{FAE04EC0-301F-11D3-BF4B-00C04F79EFBC}") = "layer2-business", "layer2-business\layer2-business.csproj", "{63D6AC9D-AB5B-4F37-828A-795A0778065D}"
EndProject
Project("{2150E333-8FDC-42A3-9474-1A3956D46DE8}") = "Solution Items", "Solution Items", "{BA56F552-9574-4740-9C58-D33820BD6655}"
	ProjectSection(SolutionItems) = preProject
		.gitignore = .gitignore
	EndProjectSection
EndProject
Global
	GlobalSection(SolutionConfigurationPlatforms) = preSolution
		Debug|Any CPU = Debug|Any CPU
		Release|Any CPU = Release|Any CPU
	EndGlobalSection
	GlobalSection(ProjectConfigurationPlatforms) = postSolution
		{069B3E29-8209-4183-B3A8-C5D042721920}.Debug|Any CPU.ActiveCfg = Debug|Any CPU
		{069B3E29-8209-4183-B3A8-C5D042721920}.Debug|Any CPU.Build.0 = Debug|Any CPU
		{069B3E29-8209-4183-B3A8-C5D042721920}.Release|Any CPU.ActiveCfg = Release|Any CPU
		{069B3E29-8209-4183-B3A8-C5D042721920}.Release|Any CPU.Build.0 = Release|Any CPU
		{9D8DD287-0BFD-473A-A859-6913C0BDE3BE}.Debug|Any CPU.ActiveCfg = Debug|Any CPU
		{9D8DD287-0BFD-473A-A859-6913C0BDE3BE}.Debug|Any CPU.Build.0 = Debug|Any CPU
		{9D8DD287-0BFD-473A-A859-6913C0BDE3BE}.Release|Any CPU.ActiveCfg = Release|Any CPU
		{9D8DD287-0BFD-473A-A859-6913C0BDE3BE}.Release|Any CPU.Build.0 = Release|Any CPU
		{63D6AC9D-AB5B-4F37-828A-795A0778065D}.Debug|Any CPU.ActiveCfg = Debug|Any CPU
		{63D6AC9D-AB5B-4F37-828A-795A0778065D}.Debug|Any CPU.Build.0 = Debug|Any CPU
		{63D6AC9D-AB5B-4F37-828A-795A0778065D}.Release|Any CPU.ActiveCfg = Release|Any CPU
		{63D6AC9D-AB5B-4F37-828A-795A0778065D}.Release|Any CPU.Build.0 = Release|Any CPU
	EndGlobalSection
	GlobalSection(SolutionProperties) = preSolution
		HideSolutionNode = FALSE
	EndGlobalSection
EndGlobal
